
Microsoft Visual Studio Solution File, Format Version 12.00
# Visual Studio Version 16
VisualStudioVersion = 16.0.31205.134
MinimumVisualStudioVersion = 10.0.40219.1
Project("{FAE04EC0-301F-11D3-BF4B-00C04F79EFBC}") = "entidades", "entidades\entidades.csproj", "{0DA5F9B5-AADC-4B3E-90A5-E538035218A1}"
EndProject
Project("{FAE04EC0-301F-11D3-BF4B-00C04F79EFBC}") = "datos", "datos\datos.csproj", "{42A07B76-A4D9-490F-8DBB-EA9012642FDD}"
EndProject
Project("{FAE04EC0-301F-11D3-BF4B-00C04F79EFBC}") = "web", "web\web.csproj", "{C96ABD4E-C2F5-46D5-B30E-85AC2C9AD45F}"
EndProject
Global
	GlobalSection(SolutionConfigurationPlatforms) = preSolution
		Debug|Any CPU = Debug|Any CPU
		Release|Any CPU = Release|Any CPU
	EndGlobalSection
	GlobalSection(ProjectConfigurationPlatforms) = postSolution
		{0DA5F9B5-AADC-4B3E-90A5-E538035218A1}.Debug|Any CPU.ActiveCfg = Debug|Any CPU
		{0DA5F9B5-AADC-4B3E-90A5-E538035218A1}.Debug|Any CPU.Build.0 = Debug|Any CPU
		{0DA5F9B5-AADC-4B3E-90A5-E538035218A1}.Release|Any CPU.ActiveCfg = Release|Any CPU
		{0DA5F9B5-AADC-4B3E-90A5-E538035218A1}.Release|Any CPU.Build.0 = Release|Any CPU
		{42A07B76-A4D9-490F-8DBB-EA9012642FDD}.Debug|Any CPU.ActiveCfg = Debug|Any CPU
		{42A07B76-A4D9-490F-8DBB-EA9012642FDD}.Debug|Any CPU.Build.0 = Debug|Any CPU
		{42A07B76-A4D9-490F-8DBB-EA9012642FDD}.Release|Any CPU.ActiveCfg = Release|Any CPU
		{42A07B76-A4D9-490F-8DBB-EA9012642FDD}.Release|Any CPU.Build.0 = Release|Any CPU
		{C96ABD4E-C2F5-46D5-B30E-85AC2C9AD45F}.Debug|Any CPU.ActiveCfg = Debug|Any CPU
		{C96ABD4E-C2F5-46D5-B30E-85AC2C9AD45F}.Debug|Any CPU.Build.0 = Debug|Any CPU
		{C96ABD4E-C2F5-46D5-B30E-85AC2C9AD45F}.Release|Any CPU.ActiveCfg = Release|Any CPU
		{C96ABD4E-C2F5-46D5-B30E-85AC2C9AD45F}.Release|Any CPU.Build.0 = Release|Any CPU
	EndGlobalSection
	GlobalSection(SolutionProperties) = preSolution
		HideSolutionNode = FALSE
	EndGlobalSection
	GlobalSection(ExtensibilityGlobals) = postSolution
		SolutionGuid = {C996D004-3C19-41DF-B081-141A0EA5B94E}
	EndGlobalSection
EndGlobal
